// !$*UTF8*$!
{
	archiveVersion = 1;
	classes = {
	};
	objectVersion = 55;
	objects = {

/* Begin PBXBuildFile section */
		24B0A4C18652C84C4D4CB8C1 /* Pods_PartyWithMe.framework in Frameworks */ = {isa = PBXBuildFile; fileRef = BA987818C3741D2163C64C98 /* Pods_PartyWithMe.framework */; };
		C30EB26A2850DEB400E8E7FE /* AppDelegate.swift in Sources */ = {isa = PBXBuildFile; fileRef = C30EB2692850DEB400E8E7FE /* AppDelegate.swift */; };
		C30EB26C2850DEB400E8E7FE /* SceneDelegate.swift in Sources */ = {isa = PBXBuildFile; fileRef = C30EB26B2850DEB400E8E7FE /* SceneDelegate.swift */; };
		C30EB26E2850DEB400E8E7FE /* FirstViewController.swift in Sources */ = {isa = PBXBuildFile; fileRef = C30EB26D2850DEB400E8E7FE /* FirstViewController.swift */; };
		C30EB2712850DEB400E8E7FE /* Main.storyboard in Resources */ = {isa = PBXBuildFile; fileRef = C30EB26F2850DEB400E8E7FE /* Main.storyboard */; };
		C30EB2732850DEB400E8E7FE /* Assets.xcassets in Resources */ = {isa = PBXBuildFile; fileRef = C30EB2722850DEB400E8E7FE /* Assets.xcassets */; };
		C30EB2762850DEB400E8E7FE /* LaunchScreen.storyboard in Resources */ = {isa = PBXBuildFile; fileRef = C30EB2742850DEB400E8E7FE /* LaunchScreen.storyboard */; };
		C30EB27E2851190700E8E7FE /* LogInViewController.swift in Sources */ = {isa = PBXBuildFile; fileRef = C30EB27D2851190700E8E7FE /* LogInViewController.swift */; };
		C30EB280285119B900E8E7FE /* SignInViewController.swift in Sources */ = {isa = PBXBuildFile; fileRef = C30EB27F285119B900E8E7FE /* SignInViewController.swift */; };
		C30EB2822851312300E8E7FE /* HomeViewController.swift in Sources */ = {isa = PBXBuildFile; fileRef = C30EB2812851312300E8E7FE /* HomeViewController.swift */; };
		C30EB2842851319B00E8E7FE /* PartyViewController.swift in Sources */ = {isa = PBXBuildFile; fileRef = C30EB2832851319B00E8E7FE /* PartyViewController.swift */; };
		C322B275285D1C6C00AA0FC4 /* Utilities.swift in Sources */ = {isa = PBXBuildFile; fileRef = C322B274285D1C6C00AA0FC4 /* Utilities.swift */; };
		C322B279285D25CF00AA0FC4 /* GoogleService-Info.plist in Resources */ = {isa = PBXBuildFile; fileRef = C322B278285D25CF00AA0FC4 /* GoogleService-Info.plist */; };
		C322B27B285D4AC900AA0FC4 /* Constants.swift in Sources */ = {isa = PBXBuildFile; fileRef = C322B27A285D4AC900AA0FC4 /* Constants.swift */; };
		C322B27E285D616700AA0FC4 /* User.swift in Sources */ = {isa = PBXBuildFile; fileRef = C322B27D285D616700AA0FC4 /* User.swift */; };
/* End PBXBuildFile section */

/* Begin PBXFileReference section */
		5206677DE71A728217E0D5CB /* Pods-PartyWithMe.debug.xcconfig */ = {isa = PBXFileReference; includeInIndex = 1; lastKnownFileType = text.xcconfig; name = "Pods-PartyWithMe.debug.xcconfig"; path = "Target Support Files/Pods-PartyWithMe/Pods-PartyWithMe.debug.xcconfig"; sourceTree = "<group>"; };
		8E3AE8E35FA538624C4AD119 /* Pods-PartyWithMe.release.xcconfig */ = {isa = PBXFileReference; includeInIndex = 1; lastKnownFileType = text.xcconfig; name = "Pods-PartyWithMe.release.xcconfig"; path = "Target Support Files/Pods-PartyWithMe/Pods-PartyWithMe.release.xcconfig"; sourceTree = "<group>"; };
		BA987818C3741D2163C64C98 /* Pods_PartyWithMe.framework */ = {isa = PBXFileReference; explicitFileType = wrapper.framework; includeInIndex = 0; path = Pods_PartyWithMe.framework; sourceTree = BUILT_PRODUCTS_DIR; };
		C30EB2662850DEB400E8E7FE /* PartyWithMe.app */ = {isa = PBXFileReference; explicitFileType = wrapper.application; includeInIndex = 0; path = PartyWithMe.app; sourceTree = BUILT_PRODUCTS_DIR; };
		C30EB2692850DEB400E8E7FE /* AppDelegate.swift */ = {isa = PBXFileReference; lastKnownFileType = sourcecode.swift; path = AppDelegate.swift; sourceTree = "<group>"; };
		C30EB26B2850DEB400E8E7FE /* SceneDelegate.swift */ = {isa = PBXFileReference; lastKnownFileType = sourcecode.swift; path = SceneDelegate.swift; sourceTree = "<group>"; };
		C30EB26D2850DEB400E8E7FE /* FirstViewController.swift */ = {isa = PBXFileReference; lastKnownFileType = sourcecode.swift; path = FirstViewController.swift; sourceTree = "<group>"; };
		C30EB2702850DEB400E8E7FE /* Base */ = {isa = PBXFileReference; lastKnownFileType = file.storyboard; name = Base; path = Base.lproj/Main.storyboard; sourceTree = "<group>"; };
		C30EB2722850DEB400E8E7FE /* Assets.xcassets */ = {isa = PBXFileReference; lastKnownFileType = folder.assetcatalog; path = Assets.xcassets; sourceTree = "<group>"; };
		C30EB2752850DEB400E8E7FE /* Base */ = {isa = PBXFileReference; lastKnownFileType = file.storyboard; name = Base; path = Base.lproj/LaunchScreen.storyboard; sourceTree = "<group>"; };
		C30EB2772850DEB400E8E7FE /* Info.plist */ = {isa = PBXFileReference; lastKnownFileType = text.plist.xml; path = Info.plist; sourceTree = "<group>"; };
		C30EB27D2851190700E8E7FE /* LogInViewController.swift */ = {isa = PBXFileReference; lastKnownFileType = sourcecode.swift; path = LogInViewController.swift; sourceTree = "<group>"; };
		C30EB27F285119B900E8E7FE /* SignInViewController.swift */ = {isa = PBXFileReference; lastKnownFileType = sourcecode.swift; path = SignInViewController.swift; sourceTree = "<group>"; };
		C30EB2812851312300E8E7FE /* HomeViewController.swift */ = {isa = PBXFileReference; lastKnownFileType = sourcecode.swift; path = HomeViewController.swift; sourceTree = "<group>"; };
		C30EB2832851319B00E8E7FE /* PartyViewController.swift */ = {isa = PBXFileReference; lastKnownFileType = sourcecode.swift; path = PartyViewController.swift; sourceTree = "<group>"; };
		C322B274285D1C6C00AA0FC4 /* Utilities.swift */ = {isa = PBXFileReference; lastKnownFileType = sourcecode.swift; path = Utilities.swift; sourceTree = "<group>"; };
		C322B278285D25CF00AA0FC4 /* GoogleService-Info.plist */ = {isa = PBXFileReference; fileEncoding = 4; lastKnownFileType = text.plist.xml; path = "GoogleService-Info.plist"; sourceTree = "<group>"; };
		C322B27A285D4AC900AA0FC4 /* Constants.swift */ = {isa = PBXFileReference; lastKnownFileType = sourcecode.swift; path = Constants.swift; sourceTree = "<group>"; };
		C322B27D285D616700AA0FC4 /* User.swift */ = {isa = PBXFileReference; lastKnownFileType = sourcecode.swift; path = User.swift; sourceTree = "<group>"; };
/* End PBXFileReference section */

/* Begin PBXFrameworksBuildPhase section */
		C30EB2632850DEB400E8E7FE /* Frameworks */ = {
			isa = PBXFrameworksBuildPhase;
			buildActionMask = 2147483647;
			files = (
				24B0A4C18652C84C4D4CB8C1 /* Pods_PartyWithMe.framework in Frameworks */,
			);
			runOnlyForDeploymentPostprocessing = 0;
		};
/* End PBXFrameworksBuildPhase section */

/* Begin PBXGroup section */
		B8066FFDFE12975A417BDCF5 /* Frameworks */ = {
			isa = PBXGroup;
			children = (
				BA987818C3741D2163C64C98 /* Pods_PartyWithMe.framework */,
			);
			name = Frameworks;
			sourceTree = "<group>";
		};
		C30EB25D2850DEB400E8E7FE = {
			isa = PBXGroup;
			children = (
				C30EB2682850DEB400E8E7FE /* PartyWithMe */,
				C30EB2672850DEB400E8E7FE /* Products */,
				DD0C0E693FE93B9270675971 /* Pods */,
				B8066FFDFE12975A417BDCF5 /* Frameworks */,
			);
			sourceTree = "<group>";
		};
		C30EB2672850DEB400E8E7FE /* Products */ = {
			isa = PBXGroup;
			children = (
				C30EB2662850DEB400E8E7FE /* PartyWithMe.app */,
			);
			name = Products;
			sourceTree = "<group>";
		};
		C30EB2682850DEB400E8E7FE /* PartyWithMe */ = {
			isa = PBXGroup;
			children = (
				C322B27C285D615800AA0FC4 /* Models */,
				C322B278285D25CF00AA0FC4 /* GoogleService-Info.plist */,
				C322B273285D1C3800AA0FC4 /* Helpers */,
				C30EB2692850DEB400E8E7FE /* AppDelegate.swift */,
				C30EB26B2850DEB400E8E7FE /* SceneDelegate.swift */,
				C322B272285D1BB600AA0FC4 /* View Controllers */,
				C30EB26F2850DEB400E8E7FE /* Main.storyboard */,
				C30EB2722850DEB400E8E7FE /* Assets.xcassets */,
				C30EB2742850DEB400E8E7FE /* LaunchScreen.storyboard */,
				C30EB2772850DEB400E8E7FE /* Info.plist */,
			);
			path = PartyWithMe;
			sourceTree = "<group>";
		};
		C322B272285D1BB600AA0FC4 /* View Controllers */ = {
			isa = PBXGroup;
			children = (
				C30EB26D2850DEB400E8E7FE /* FirstViewController.swift */,
				C30EB27D2851190700E8E7FE /* LogInViewController.swift */,
				C30EB27F285119B900E8E7FE /* SignInViewController.swift */,
				C30EB2812851312300E8E7FE /* HomeViewController.swift */,
				C30EB2832851319B00E8E7FE /* PartyViewController.swift */,
			);
			name = "View Controllers";
			sourceTree = "<group>";
		};
		C322B273285D1C3800AA0FC4 /* Helpers */ = {
			isa = PBXGroup;
			children = (
				C322B274285D1C6C00AA0FC4 /* Utilities.swift */,
				C322B27A285D4AC900AA0FC4 /* Constants.swift */,
			);
			path = Helpers;
			sourceTree = "<group>";
		};
		C322B27C285D615800AA0FC4 /* Models */ = {
			isa = PBXGroup;
			children = (
				C322B27D285D616700AA0FC4 /* User.swift */,
			);
			path = Models;
			sourceTree = "<group>";
		};
		DD0C0E693FE93B9270675971 /* Pods */ = {
			isa = PBXGroup;
			children = (
				5206677DE71A728217E0D5CB /* Pods-PartyWithMe.debug.xcconfig */,
				8E3AE8E35FA538624C4AD119 /* Pods-PartyWithMe.release.xcconfig */,
			);
			path = Pods;
			sourceTree = "<group>";
		};
/* End PBXGroup section */

/* Begin PBXNativeTarget section */
		C30EB2652850DEB400E8E7FE /* PartyWithMe */ = {
			isa = PBXNativeTarget;
			buildConfigurationList = C30EB27A2850DEB400E8E7FE /* Build configuration list for PBXNativeTarget "PartyWithMe" */;
			buildPhases = (
				D749E8F6A1C5B9E9A70A4E92 /* [CP] Check Pods Manifest.lock */,
				C30EB2622850DEB400E8E7FE /* Sources */,
				C30EB2632850DEB400E8E7FE /* Frameworks */,
				C30EB2642850DEB400E8E7FE /* Resources */,
				D95E636C09DBCE749938E731 /* [CP] Embed Pods Frameworks */,
			);
			buildRules = (
			);
			dependencies = (
			);
			name = PartyWithMe;
			productName = PartyWithMe;
			productReference = C30EB2662850DEB400E8E7FE /* PartyWithMe.app */;
			productType = "com.apple.product-type.application";
		};
/* End PBXNativeTarget section */

/* Begin PBXProject section */
		C30EB25E2850DEB400E8E7FE /* Project object */ = {
			isa = PBXProject;
			attributes = {
				BuildIndependentTargetsInParallel = 1;
				LastSwiftUpdateCheck = 1320;
				LastUpgradeCheck = 1320;
				TargetAttributes = {
					C30EB2652850DEB400E8E7FE = {
						CreatedOnToolsVersion = 13.2.1;
					};
				};
			};
			buildConfigurationList = C30EB2612850DEB400E8E7FE /* Build configuration list for PBXProject "PartyWithMe" */;
			compatibilityVersion = "Xcode 13.0";
			developmentRegion = en;
			hasScannedForEncodings = 0;
			knownRegions = (
				en,
				Base,
			);
			mainGroup = C30EB25D2850DEB400E8E7FE;
			productRefGroup = C30EB2672850DEB400E8E7FE /* Products */;
			projectDirPath = "";
			projectRoot = "";
			targets = (
				C30EB2652850DEB400E8E7FE /* PartyWithMe */,
			);
		};
/* End PBXProject section */

/* Begin PBXResourcesBuildPhase section */
		C30EB2642850DEB400E8E7FE /* Resources */ = {
			isa = PBXResourcesBuildPhase;
			buildActionMask = 2147483647;
			files = (
				C30EB2762850DEB400E8E7FE /* LaunchScreen.storyboard in Resources */,
				C322B279285D25CF00AA0FC4 /* GoogleService-Info.plist in Resources */,
				C30EB2732850DEB400E8E7FE /* Assets.xcassets in Resources */,
				C30EB2712850DEB400E8E7FE /* Main.storyboard in Resources */,
			);
			runOnlyForDeploymentPostprocessing = 0;
		};
/* End PBXResourcesBuildPhase section */

/* Begin PBXShellScriptBuildPhase section */
		D749E8F6A1C5B9E9A70A4E92 /* [CP] Check Pods Manifest.lock */ = {
			isa = PBXShellScriptBuildPhase;
			buildActionMask = 2147483647;
			files = (
			);
			inputFileListPaths = (
			);
			inputPaths = (
				"${PODS_PODFILE_DIR_PATH}/Podfile.lock",
				"${PODS_ROOT}/Manifest.lock",
			);
			name = "[CP] Check Pods Manifest.lock";
			outputFileListPaths = (
			);
			outputPaths = (
				"$(DERIVED_FILE_DIR)/Pods-PartyWithMe-checkManifestLockResult.txt",
			);
			runOnlyForDeploymentPostprocessing = 0;
			shellPath = /bin/sh;
			shellScript = "diff \"${PODS_PODFILE_DIR_PATH}/Podfile.lock\" \"${PODS_ROOT}/Manifest.lock\" > /dev/null\nif [ $? != 0 ] ; then\n    # print error to STDERR\n    echo \"error: The sandbox is not in sync with the Podfile.lock. Run 'pod install' or update your CocoaPods installation.\" >&2\n    exit 1\nfi\n# This output is used by Xcode 'outputs' to avoid re-running this script phase.\necho \"SUCCESS\" > \"${SCRIPT_OUTPUT_FILE_0}\"\n";
			showEnvVarsInLog = 0;
		};
		D95E636C09DBCE749938E731 /* [CP] Embed Pods Frameworks */ = {
			isa = PBXShellScriptBuildPhase;
			buildActionMask = 2147483647;
			files = (
			);
			inputFileListPaths = (
				"${PODS_ROOT}/Target Support Files/Pods-PartyWithMe/Pods-PartyWithMe-frameworks-${CONFIGURATION}-input-files.xcfilelist",
			);
			name = "[CP] Embed Pods Frameworks";
			outputFileListPaths = (
				"${PODS_ROOT}/Target Support Files/Pods-PartyWithMe/Pods-PartyWithMe-frameworks-${CONFIGURATION}-output-files.xcfilelist",
			);
			runOnlyForDeploymentPostprocessing = 0;
			shellPath = /bin/sh;
			shellScript = "\"${PODS_ROOT}/Target Support Files/Pods-PartyWithMe/Pods-PartyWithMe-frameworks.sh\"\n";
			showEnvVarsInLog = 0;
		};
/* End PBXShellScriptBuildPhase section */

/* Begin PBXSourcesBuildPhase section */
		C30EB2622850DEB400E8E7FE /* Sources */ = {
			isa = PBXSourcesBuildPhase;
			buildActionMask = 2147483647;
			files = (
				C30EB2842851319B00E8E7FE /* PartyViewController.swift in Sources */,
				C30EB27E2851190700E8E7FE /* LogInViewController.swift in Sources */,
				C30EB26E2850DEB400E8E7FE /* FirstViewController.swift in Sources */,
				C30EB26A2850DEB400E8E7FE /* AppDelegate.swift in Sources */,
				C30EB280285119B900E8E7FE /* SignInViewController.swift in Sources */,
				C30EB26C2850DEB400E8E7FE /* SceneDelegate.swift in Sources */,
				C322B275285D1C6C00AA0FC4 /* Utilities.swift in Sources */,
				C30EB2822851312300E8E7FE /* HomeViewController.swift in Sources */,
				C322B27E285D616700AA0FC4 /* User.swift in Sources */,
				C322B27B285D4AC900AA0FC4 /* Constants.swift in Sources */,
			);
			runOnlyForDeploymentPostprocessing = 0;
		};
/* End PBXSourcesBuildPhase section */

/* Begin PBXVariantGroup section */
		C30EB26F2850DEB400E8E7FE /* Main.storyboard */ = {
			isa = PBXVariantGroup;
			children = (
				C30EB2702850DEB400E8E7FE /* Base */,
			);
			name = Main.storyboard;
			sourceTree = "<group>";
		};
		C30EB2742850DEB400E8E7FE /* LaunchScreen.storyboard */ = {
			isa = PBXVariantGroup;
			children = (
				C30EB2752850DEB400E8E7FE /* Base */,
			);
			name = LaunchScreen.storyboard;
			sourceTree = "<group>";
		};
/* End PBXVariantGroup section */

/* Begin XCBuildConfiguration section */
		C30EB2782850DEB400E8E7FE /* Debug */ = {
			isa = XCBuildConfiguration;
			buildSettings = {
				ALWAYS_SEARCH_USER_PATHS = NO;
				CLANG_ANALYZER_NONNULL = YES;
				CLANG_ANALYZER_NUMBER_OBJECT_CONVERSION = YES_AGGRESSIVE;
				CLANG_CXX_LANGUAGE_STANDARD = "gnu++17";
				CLANG_CXX_LIBRARY = "libc++";
				CLANG_ENABLE_MODULES = YES;
				CLANG_ENABLE_OBJC_ARC = YES;
				CLANG_ENABLE_OBJC_WEAK = YES;
				CLANG_WARN_BLOCK_CAPTURE_AUTORELEASING = YES;
				CLANG_WARN_BOOL_CONVERSION = YES;
				CLANG_WARN_COMMA = YES;
				CLANG_WARN_CONSTANT_CONVERSION = YES;
				CLANG_WARN_DEPRECATED_OBJC_IMPLEMENTATIONS = YES;
				CLANG_WARN_DIRECT_OBJC_ISA_USAGE = YES_ERROR;
				CLANG_WARN_DOCUMENTATION_COMMENTS = YES;
				CLANG_WARN_EMPTY_BODY = YES;
				CLANG_WARN_ENUM_CONVERSION = YES;
				CLANG_WARN_INFINITE_RECURSION = YES;
				CLANG_WARN_INT_CONVERSION = YES;
				CLANG_WARN_NON_LITERAL_NULL_CONVERSION = YES;
				CLANG_WARN_OBJC_IMPLICIT_RETAIN_SELF = YES;
				CLANG_WARN_OBJC_LITERAL_CONVERSION = YES;
				CLANG_WARN_OBJC_ROOT_CLASS = YES_ERROR;
				CLANG_WARN_QUOTED_INCLUDE_IN_FRAMEWORK_HEADER = YES;
				CLANG_WARN_RANGE_LOOP_ANALYSIS = YES;
				CLANG_WARN_STRICT_PROTOTYPES = YES;
				CLANG_WARN_SUSPICIOUS_MOVE = YES;
				CLANG_WARN_UNGUARDED_AVAILABILITY = YES_AGGRESSIVE;
				CLANG_WARN_UNREACHABLE_CODE = YES;
				CLANG_WARN__DUPLICATE_METHOD_MATCH = YES;
				COPY_PHASE_STRIP = NO;
				DEBUG_INFORMATION_FORMAT = dwarf;
				ENABLE_STRICT_OBJC_MSGSEND = YES;
				ENABLE_TESTABILITY = YES;
				GCC_C_LANGUAGE_STANDARD = gnu11;
				GCC_DYNAMIC_NO_PIC = NO;
				GCC_NO_COMMON_BLOCKS = YES;
				GCC_OPTIMIZATION_LEVEL = 0;
				GCC_PREPROCESSOR_DEFINITIONS = (
					"DEBUG=1",
					"$(inherited)",
				);
				GCC_WARN_64_TO_32_BIT_CONVERSION = YES;
				GCC_WARN_ABOUT_RETURN_TYPE = YES_ERROR;
				GCC_WARN_UNDECLARED_SELECTOR = YES;
				GCC_WARN_UNINITIALIZED_AUTOS = YES_AGGRESSIVE;
				GCC_WARN_UNUSED_FUNCTION = YES;
				GCC_WARN_UNUSED_VARIABLE = YES;
				IPHONEOS_DEPLOYMENT_TARGET = 15.2;
				MTL_ENABLE_DEBUG_INFO = INCLUDE_SOURCE;
				MTL_FAST_MATH = YES;
				ONLY_ACTIVE_ARCH = YES;
				SDKROOT = iphoneos;
				SWIFT_ACTIVE_COMPILATION_CONDITIONS = DEBUG;
				SWIFT_OPTIMIZATION_LEVEL = "-Onone";
			};
			name = Debug;
		};
		C30EB2792850DEB400E8E7FE /* Release */ = {
			isa = XCBuildConfiguration;
			buildSettings = {
				ALWAYS_SEARCH_USER_PATHS = NO;
				CLANG_ANALYZER_NONNULL = YES;
				CLANG_ANALYZER_NUMBER_OBJECT_CONVERSION = YES_AGGRESSIVE;
				CLANG_CXX_LANGUAGE_STANDARD = "gnu++17";
				CLANG_CXX_LIBRARY = "libc++";
				CLANG_ENABLE_MODULES = YES;
				CLANG_ENABLE_OBJC_ARC = YES;
				CLANG_ENABLE_OBJC_WEAK = YES;
				CLANG_WARN_BLOCK_CAPTURE_AUTORELEASING = YES;
				CLANG_WARN_BOOL_CONVERSION = YES;
				CLANG_WARN_COMMA = YES;
				CLANG_WARN_CONSTANT_CONVERSION = YES;
				CLANG_WARN_DEPRECATED_OBJC_IMPLEMENTATIONS = YES;
				CLANG_WARN_DIRECT_OBJC_ISA_USAGE = YES_ERROR;
				CLANG_WARN_DOCUMENTATION_COMMENTS = YES;
				CLANG_WARN_EMPTY_BODY = YES;
				CLANG_WARN_ENUM_CONVERSION = YES;
				CLANG_WARN_INFINITE_RECURSION = YES;
				CLANG_WARN_INT_CONVERSION = YES;
				CLANG_WARN_NON_LITERAL_NULL_CONVERSION = YES;
				CLANG_WARN_OBJC_IMPLICIT_RETAIN_SELF = YES;
				CLANG_WARN_OBJC_LITERAL_CONVERSION = YES;
				CLANG_WARN_OBJC_ROOT_CLASS = YES_ERROR;
				CLANG_WARN_QUOTED_INCLUDE_IN_FRAMEWORK_HEADER = YES;
				CLANG_WARN_RANGE_LOOP_ANALYSIS = YES;
				CLANG_WARN_STRICT_PROTOTYPES = YES;
				CLANG_WARN_SUSPICIOUS_MOVE = YES;
				CLANG_WARN_UNGUARDED_AVAILABILITY = YES_AGGRESSIVE;
				CLANG_WARN_UNREACHABLE_CODE = YES;
				CLANG_WARN__DUPLICATE_METHOD_MATCH = YES;
				COPY_PHASE_STRIP = NO;
				DEBUG_INFORMATION_FORMAT = "dwarf-with-dsym";
				ENABLE_NS_ASSERTIONS = NO;
				ENABLE_STRICT_OBJC_MSGSEND = YES;
				GCC_C_LANGUAGE_STANDARD = gnu11;
				GCC_NO_COMMON_BLOCKS = YES;
				GCC_WARN_64_TO_32_BIT_CONVERSION = YES;
				GCC_WARN_ABOUT_RETURN_TYPE = YES_ERROR;
				GCC_WARN_UNDECLARED_SELECTOR = YES;
				GCC_WARN_UNINITIALIZED_AUTOS = YES_AGGRESSIVE;
				GCC_WARN_UNUSED_FUNCTION = YES;
				GCC_WARN_UNUSED_VARIABLE = YES;
				IPHONEOS_DEPLOYMENT_TARGET = 15.2;
				MTL_ENABLE_DEBUG_INFO = NO;
				MTL_FAST_MATH = YES;
				SDKROOT = iphoneos;
				SWIFT_COMPILATION_MODE = wholemodule;
				SWIFT_OPTIMIZATION_LEVEL = "-O";
				VALIDATE_PRODUCT = YES;
			};
			name = Release;
		};
		C30EB27B2850DEB400E8E7FE /* Debug */ = {
			isa = XCBuildConfiguration;
			baseConfigurationReference = 5206677DE71A728217E0D5CB /* Pods-PartyWithMe.debug.xcconfig */;
			buildSettings = {
				ASSETCATALOG_COMPILER_APPICON_NAME = AppIcon;
				ASSETCATALOG_COMPILER_GLOBAL_ACCENT_COLOR_NAME = AccentColor;
				CODE_SIGN_STYLE = Automatic;
				CURRENT_PROJECT_VERSION = 1;
				DEVELOPMENT_TEAM = 89375JY592;
				GENERATE_INFOPLIST_FILE = YES;
				INFOPLIST_FILE = PartyWithMe/Info.plist;
				INFOPLIST_KEY_UIApplicationSupportsIndirectInputEvents = YES;
				INFOPLIST_KEY_UILaunchStoryboardName = LaunchScreen;
				INFOPLIST_KEY_UIMainStoryboardFile = Main;
				INFOPLIST_KEY_UISupportedInterfaceOrientations = UIInterfaceOrientationPortrait;
				INFOPLIST_KEY_UISupportedInterfaceOrientations_iPad = "UIInterfaceOrientationPortrait UIInterfaceOrientationPortraitUpsideDown UIInterfaceOrientationLandscapeLeft UIInterfaceOrientationLandscapeRight";
				INFOPLIST_KEY_UISupportedInterfaceOrientations_iPhone = "UIInterfaceOrientationPortrait UIInterfaceOrientationLandscapeLeft UIInterfaceOrientationLandscapeRight";
				LD_RUNPATH_SEARCH_PATHS = (
					"$(inherited)",
					"@executable_path/Frameworks",
				);
				MARKETING_VERSION = 1.0;
				PRODUCT_BUNDLE_IDENTIFIER = com.tasks.PartyWithMe;
				PRODUCT_NAME = "$(TARGET_NAME)";
				SWIFT_EMIT_LOC_STRINGS = YES;
				SWIFT_VERSION = 5.0;
				TARGETED_DEVICE_FAMILY = 1;
			};
			name = Debug;
		};
		C30EB27C2850DEB400E8E7FE /* Release */ = {
			isa = XCBuildConfiguration;
			baseConfigurationReference = 8E3AE8E35FA538624C4AD119 /* Pods-PartyWithMe.release.xcconfig */;
			buildSettings = {
				ASSETCATALOG_COMPILER_APPICON_NAME = AppIcon;
				ASSETCATALOG_COMPILER_GLOBAL_ACCENT_COLOR_NAME = AccentColor;
				CODE_SIGN_STYLE = Automatic;
				CURRENT_PROJECT_VERSION = 1;
				DEVELOPMENT_TEAM = 89375JY592;
				GENERATE_INFOPLIST_FILE = YES;
				INFOPLIST_FILE = PartyWithMe/Info.plist;
				INFOPLIST_KEY_UIApplicationSupportsIndirectInputEvents = YES;
				INFOPLIST_KEY_UILaunchStoryboardName = LaunchScreen;
				INFOPLIST_KEY_UIMainStoryboardFile = Main;
				INFOPLIST_KEY_UISupportedInterfaceOrientations = UIInterfaceOrientationPortrait;
				INFOPLIST_KEY_UISupportedInterfaceOrientations_iPad = "UIInterfaceOrientationPortrait UIInterfaceOrientationPortraitUpsideDown UIInterfaceOrientationLandscapeLeft UIInterfaceOrientationLandscapeRight";
				INFOPLIST_KEY_UISupportedInterfaceOrientations_iPhone = "UIInterfaceOrientationPortrait UIInterfaceOrientationLandscapeLeft UIInterfaceOrientationLandscapeRight";
				LD_RUNPATH_SEARCH_PATHS = (
					"$(inherited)",
					"@executable_path/Frameworks",
				);
				MARKETING_VERSION = 1.0;
				PRODUCT_BUNDLE_IDENTIFIER = com.tasks.PartyWithMe;
				PRODUCT_NAME = "$(TARGET_NAME)";
				SWIFT_EMIT_LOC_STRINGS = YES;
				SWIFT_VERSION = 5.0;
				TARGETED_DEVICE_FAMILY = 1;
			};
			name = Release;
		};
/* End XCBuildConfiguration section */

/* Begin XCConfigurationList section */
		C30EB2612850DEB400E8E7FE /* Build configuration list for PBXProject "PartyWithMe" */ = {
			isa = XCConfigurationList;
			buildConfigurations = (
				C30EB2782850DEB400E8E7FE /* Debug */,
				C30EB2792850DEB400E8E7FE /* Release */,
			);
			defaultConfigurationIsVisible = 0;
			defaultConfigurationName = Release;
		};
		C30EB27A2850DEB400E8E7FE /* Build configuration list for PBXNativeTarget "PartyWithMe" */ = {
			isa = XCConfigurationList;
			buildConfigurations = (
				C30EB27B2850DEB400E8E7FE /* Debug */,
				C30EB27C2850DEB400E8E7FE /* Release */,
			);
			defaultConfigurationIsVisible = 0;
			defaultConfigurationName = Release;
		};
/* End XCConfigurationList section */
	};
	rootObject = C30EB25E2850DEB400E8E7FE /* Project object */;
}
